{
  "name": "sensible-accordion",
  "version": "1.0.0",
  "lockfileVersion": 1,
  "requires": true,
  "dependencies": {
    "extend": {
      "version": "git+https://github.com/justingeeslin/extend.git#a0e409bc1948a6fb37f1228c4804d4852efe72a0",
      "from": "git+https://github.com/justingeeslin/extend.git"
    },
    "sensible-expandcollapse": {
      "version": "git+https://github.com/justingeeslin/sensible-expandcollapse.git#750db74804ad05b22095eeb778aebd8ebeaf6380",
      "from": "git+https://github.com/justingeeslin/sensible-expandcollapse.git",
      "requires": {
        "extend": "git+https://github.com/justingeeslin/extend.git"
      }
    }
  }
}
